
Microsoft Visual Studio Solution File, Format Version 12.00
# Visual Studio Version 16
VisualStudioVersion = 16.0.31205.134
MinimumVisualStudioVersion = 10.0.40219.1
Project("{9A19103F-16F7-4668-BE54-9A1E7A4F7556}") = "Chessboard.Models", "Chessboard.Models\Chessboard.Models.csproj", "{92D927BE-24E4-4530-82EC-EEF4EB86B608}"
EndProject
Project("{9A19103F-16F7-4668-BE54-9A1E7A4F7556}") = "Chessboard.Logic", "Chessboard.Logic\Chessboard.Logic.csproj", "{7B8A1F32-9D05-4D1A-B6B8-5E0A5F83F74E}"
EndProject
Project("{9A19103F-16F7-4668-BE54-9A1E7A4F7556}") = "Chessboard.Console", "Chessboard.Console\Chessboard.Console.csproj", "{5D3E1BA1-5B20-418E-8F16-86B2AAA9B78A}"
EndProject
Project("{9A19103F-16F7-4668-BE54-9A1E7A4F7556}") = "Chessboard.UI", "Chessboard.UI\Chessboard.UI.csproj", "{8630E724-AD91-4271-AC70-F8A56EB66FC0}"
EndProject
Project("{FAE04EC0-301F-11D3-BF4B-00C04F79EFBC}") = "Chessboard.Data", "Chessboard.Data\Chessboard.Data.csproj", "{6508D1DF-AFBB-4CE3-AF74-5E0B632654F2}"
EndProject
Global
	GlobalSection(SolutionConfigurationPlatforms) = preSolution
		Debug|Any CPU = Debug|Any CPU
		Release|Any CPU = Release|Any CPU
	EndGlobalSection
	GlobalSection(ProjectConfigurationPlatforms) = postSolution
		{92D927BE-24E4-4530-82EC-EEF4EB86B608}.Debug|Any CPU.ActiveCfg = Debug|Any CPU
		{92D927BE-24E4-4530-82EC-EEF4EB86B608}.Debug|Any CPU.Build.0 = Debug|Any CPU
		{92D927BE-24E4-4530-82EC-EEF4EB86B608}.Release|Any CPU.ActiveCfg = Release|Any CPU
		{92D927BE-24E4-4530-82EC-EEF4EB86B608}.Release|Any CPU.Build.0 = Release|Any CPU
		{7B8A1F32-9D05-4D1A-B6B8-5E0A5F83F74E}.Debug|Any CPU.ActiveCfg = Debug|Any CPU
		{7B8A1F32-9D05-4D1A-B6B8-5E0A5F83F74E}.Debug|Any CPU.Build.0 = Debug|Any CPU
		{7B8A1F32-9D05-4D1A-B6B8-5E0A5F83F74E}.Release|Any CPU.ActiveCfg = Release|Any CPU
		{7B8A1F32-9D05-4D1A-B6B8-5E0A5F83F74E}.Release|Any CPU.Build.0 = Release|Any CPU
		{5D3E1BA1-5B20-418E-8F16-86B2AAA9B78A}.Debug|Any CPU.ActiveCfg = Debug|Any CPU
		{5D3E1BA1-5B20-418E-8F16-86B2AAA9B78A}.Debug|Any CPU.Build.0 = Debug|Any CPU
		{5D3E1BA1-5B20-418E-8F16-86B2AAA9B78A}.Release|Any CPU.ActiveCfg = Release|Any CPU
		{5D3E1BA1-5B20-418E-8F16-86B2AAA9B78A}.Release|Any CPU.Build.0 = Release|Any CPU
		{8630E724-AD91-4271-AC70-F8A56EB66FC0}.Debug|Any CPU.ActiveCfg = Debug|Any CPU
		{8630E724-AD91-4271-AC70-F8A56EB66FC0}.Debug|Any CPU.Build.0 = Debug|Any CPU
		{8630E724-AD91-4271-AC70-F8A56EB66FC0}.Release|Any CPU.ActiveCfg = Release|Any CPU
		{8630E724-AD91-4271-AC70-F8A56EB66FC0}.Release|Any CPU.Build.0 = Release|Any CPU
		{6508D1DF-AFBB-4CE3-AF74-5E0B632654F2}.Debug|Any CPU.ActiveCfg = Debug|Any CPU
		{6508D1DF-AFBB-4CE3-AF74-5E0B632654F2}.Debug|Any CPU.Build.0 = Debug|Any CPU
		{6508D1DF-AFBB-4CE3-AF74-5E0B632654F2}.Release|Any CPU.ActiveCfg = Release|Any CPU
		{6508D1DF-AFBB-4CE3-AF74-5E0B632654F2}.Release|Any CPU.Build.0 = Release|Any CPU
	EndGlobalSection
	GlobalSection(SolutionProperties) = preSolution
		HideSolutionNode = FALSE
	EndGlobalSection
	GlobalSection(ExtensibilityGlobals) = postSolution
		SolutionGuid = {FBE13B78-D923-4E2F-9569-12DF80E1A986}
	EndGlobalSection
EndGlobal
